
Microsoft Visual Studio Solution File, Format Version 12.00
# Visual Studio Version 17
VisualStudioVersion = 17.13.35931.197 d17.13
MinimumVisualStudioVersion = 10.0.40219.1
Project("{FAE04EC0-301F-11D3-BF4B-00C04F79EFBC}") = "tMS", "tMS\tMS.csproj", "{76C407E6-9ADF-4F67-B8BD-26E9F3D3148E}"
EndProject
Global
	GlobalSection(SolutionConfigurationPlatforms) = preSolution
		Debug|Any CPU = Debug|Any CPU
		Release|Any CPU = Release|Any CPU
	EndGlobalSection
	GlobalSection(ProjectConfigurationPlatforms) = postSolution
		{76C407E6-9ADF-4F67-B8BD-26E9F3D3148E}.Debug|Any CPU.ActiveCfg = Debug|Any CPU
		{76C407E6-9ADF-4F67-B8BD-26E9F3D3148E}.Debug|Any CPU.Build.0 = Debug|Any CPU
		{76C407E6-9ADF-4F67-B8BD-26E9F3D3148E}.Release|Any CPU.ActiveCfg = Release|Any CPU
		{76C407E6-9ADF-4F67-B8BD-26E9F3D3148E}.Release|Any CPU.Build.0 = Release|Any CPU
	EndGlobalSection
	GlobalSection(SolutionProperties) = preSolution
		HideSolutionNode = FALSE
	EndGlobalSection
	GlobalSection(ExtensibilityGlobals) = postSolution
		SolutionGuid = {B1A20F7C-9D66-4992-93DB-5F3437C3215D}
	EndGlobalSection
EndGlobal
